
Microsoft Visual Studio Solution File, Format Version 12.00
# Visual Studio Version 17
VisualStudioVersion = 17.13.35931.197
MinimumVisualStudioVersion = 10.0.40219.1
Project("{FAE04EC0-301F-11D3-BF4B-00C04F79EFBC}") = "TaxCalculatorMVC", "TaxCalculatorMVC.csproj", "{2E240FD0-AEB6-44C6-BBAE-C1C26E306EAD}"
EndProject
Project("{FAE04EC0-301F-11D3-BF4B-00C04F79EFBC}") = "TaxCalculatorMVC.Tests", "..\TaxCalculatorMVC.Tests\TaxCalculatorMVC.Tests.csproj", "{95F70214-A8B8-47A8-970C-D61966DB0F14}"
EndProject
Global
	GlobalSection(SolutionConfigurationPlatforms) = preSolution
		Debug|Any CPU = Debug|Any CPU
		Release|Any CPU = Release|Any CPU
	EndGlobalSection
	GlobalSection(ProjectConfigurationPlatforms) = postSolution
		{2E240FD0-AEB6-44C6-BBAE-C1C26E306EAD}.Debug|Any CPU.ActiveCfg = Debug|Any CPU
		{2E240FD0-AEB6-44C6-BBAE-C1C26E306EAD}.Debug|Any CPU.Build.0 = Debug|Any CPU
		{2E240FD0-AEB6-44C6-BBAE-C1C26E306EAD}.Release|Any CPU.ActiveCfg = Release|Any CPU
		{2E240FD0-AEB6-44C6-BBAE-C1C26E306EAD}.Release|Any CPU.Build.0 = Release|Any CPU
		{95F70214-A8B8-47A8-970C-D61966DB0F14}.Debug|Any CPU.ActiveCfg = Debug|Any CPU
		{95F70214-A8B8-47A8-970C-D61966DB0F14}.Debug|Any CPU.Build.0 = Debug|Any CPU
		{95F70214-A8B8-47A8-970C-D61966DB0F14}.Release|Any CPU.ActiveCfg = Release|Any CPU
		{95F70214-A8B8-47A8-970C-D61966DB0F14}.Release|Any CPU.Build.0 = Release|Any CPU
	EndGlobalSection
	GlobalSection(SolutionProperties) = preSolution
		HideSolutionNode = FALSE
	EndGlobalSection
	GlobalSection(ExtensibilityGlobals) = postSolution
		SolutionGuid = {45C69189-B372-4FBC-9C18-C36756E7E7F9}
	EndGlobalSection
EndGlobal
